// !$*UTF8*$!
{
	archiveVersion = 1;
	classes = {
	};
	objectVersion = 46;
	objects = {

/* Begin PBXBuildFile section */
		8063A4631D22892500030C07 /* AppDelegate.swift in Sources */ = {isa = PBXBuildFile; fileRef = 8063A4621D22892500030C07 /* AppDelegate.swift */; };
		8063A4651D22892500030C07 /* ViewController.swift in Sources */ = {isa = PBXBuildFile; fileRef = 8063A4641D22892500030C07 /* ViewController.swift */; };
		8063A4681D22892500030C07 /* Main.storyboard in Resources */ = {isa = PBXBuildFile; fileRef = 8063A4661D22892500030C07 /* Main.storyboard */; };
		8063A46A1D22892500030C07 /* Assets.xcassets in Resources */ = {isa = PBXBuildFile; fileRef = 8063A4691D22892500030C07 /* Assets.xcassets */; };
		8063A46D1D22892500030C07 /* LaunchScreen.storyboard in Resources */ = {isa = PBXBuildFile; fileRef = 8063A46B1D22892500030C07 /* LaunchScreen.storyboard */; };
		8063A4781D22892500030C07 /* gittestTests.swift in Sources */ = {isa = PBXBuildFile; fileRef = 8063A4771D22892500030C07 /* gittestTests.swift */; };
		8063A4831D22892500030C07 /* gittestUITests.swift in Sources */ = {isa = PBXBuildFile; fileRef = 8063A4821D22892500030C07 /* gittestUITests.swift */; };
/* End PBXBuildFile section */

/* Begin PBXContainerItemProxy section */
		8063A4741D22892500030C07 /* PBXContainerItemProxy */ = {
			isa = PBXContainerItemProxy;
			containerPortal = 8063A4571D22892500030C07 /* Project object */;
			proxyType = 1;
			remoteGlobalIDString = 8063A45E1D22892500030C07;
			remoteInfo = gittest;
		};
		8063A47F1D22892500030C07 /* PBXContainerItemProxy */ = {
			isa = PBXContainerItemProxy;
			containerPortal = 8063A4571D22892500030C07 /* Project object */;
			proxyType = 1;
			remoteGlobalIDString = 8063A45E1D22892500030C07;
			remoteInfo = gittest;
		};
/* End PBXContainerItemProxy section */

/* Begin PBXFileReference section */
		8063A45F1D22892500030C07 /* gittest.app */ = {isa = PBXFileReference; explicitFileType = wrapper.application; includeInIndex = 0; path = gittest.app; sourceTree = BUILT_PRODUCTS_DIR; };
		8063A4621D22892500030C07 /* AppDelegate.swift */ = {isa = PBXFileReference; lastKnownFileType = sourcecode.swift; path = AppDelegate.swift; sourceTree = "<group>"; };
		8063A4641D22892500030C07 /* ViewController.swift */ = {isa = PBXFileReference; lastKnownFileType = sourcecode.swift; path = ViewController.swift; sourceTree = "<group>"; };
		8063A4671D22892500030C07 /* Base */ = {isa = PBXFileReference; lastKnownFileType = file.storyboard; name = Base; path = Base.lproj/Main.storyboard; sourceTree = "<group>"; };
		8063A4691D22892500030C07 /* Assets.xcassets */ = {isa = PBXFileReference; lastKnownFileType = folder.assetcatalog; path = Assets.xcassets; sourceTree = "<group>"; };
		8063A46C1D22892500030C07 /* Base */ = {isa = PBXFileReference; lastKnownFileType = file.storyboard; name = Base; path = Base.lproj/LaunchScreen.storyboard; sourceTree = "<group>"; };
		8063A46E1D22892500030C07 /* Info.plist */ = {isa = PBXFileReference; lastKnownFileType = text.plist.xml; path = Info.plist; sourceTree = "<group>"; };
		8063A4731D22892500030C07 /* gittestTests.xctest */ = {isa = PBXFileReference; explicitFileType = wrapper.cfbundle; includeInIndex = 0; path = gittestTests.xctest; sourceTree = BUILT_PRODUCTS_DIR; };
		8063A4771D22892500030C07 /* gittestTests.swift */ = {isa = PBXFileReference; lastKnownFileType = sourcecode.swift; path = gittestTests.swift; sourceTree = "<group>"; };
		8063A4791D22892500030C07 /* Info.plist */ = {isa = PBXFileReference; lastKnownFileType = text.plist.xml; path = Info.plist; sourceTree = "<group>"; };
		8063A47E1D22892500030C07 /* gittestUITests.xctest */ = {isa = PBXFileReference; explicitFileType = wrapper.cfbundle; includeInIndex = 0; path = gittestUITests.xctest; sourceTree = BUILT_PRODUCTS_DIR; };
		8063A4821D22892500030C07 /* gittestUITests.swift */ = {isa = PBXFileReference; lastKnownFileType = sourcecode.swift; path = gittestUITests.swift; sourceTree = "<group>"; };
		8063A4841D22892500030C07 /* Info.plist */ = {isa = PBXFileReference; lastKnownFileType = text.plist.xml; path = Info.plist; sourceTree = "<group>"; };
/* End PBXFileReference section */

/* Begin PBXFrameworksBuildPhase section */
		8063A45C1D22892500030C07 /* Frameworks */ = {
			isa = PBXFrameworksBuildPhase;
			buildActionMask = 2147483647;
			files = (
			);
			runOnlyForDeploymentPostprocessing = 0;
		};
		8063A4701D22892500030C07 /* Frameworks */ = {
			isa = PBXFrameworksBuildPhase;
			buildActionMask = 2147483647;
			files = (
			);
			runOnlyForDeploymentPostprocessing = 0;
		};
		8063A47B1D22892500030C07 /* Frameworks */ = {
			isa = PBXFrameworksBuildPhase;
			buildActionMask = 2147483647;
			files = (
			);
			runOnlyForDeploymentPostprocessing = 0;
		};
/* End PBXFrameworksBuildPhase section */

/* Begin PBXGroup section */
		8063A4561D22892500030C07 = {
			isa = PBXGroup;
			children = (
				8063A4611D22892500030C07 /* gittest */,
				8063A4761D22892500030C07 /* gittestTests */,
				8063A4811D22892500030C07 /* gittestUITests */,
				8063A4601D22892500030C07 /* Products */,
			);
			sourceTree = "<group>";
		};
		8063A4601D22892500030C07 /* Products */ = {
			isa = PBXGroup;
			children = (
				8063A45F1D22892500030C07 /* gittest.app */,
				8063A4731D22892500030C07 /* gittestTests.xctest */,
				8063A47E1D22892500030C07 /* gittestUITests.xctest */,
			);
			name = Products;
			sourceTree = "<group>";
		};
		8063A4611D22892500030C07 /* gittest */ = {
			isa = PBXGroup;
			children = (
				8063A4621D22892500030C07 /* AppDelegate.swift */,
				8063A4641D22892500030C07 /* ViewController.swift */,
				8063A4661D22892500030C07 /* Main.storyboard */,
				8063A4691D22892500030C07 /* Assets.xcassets */,
				8063A46B1D22892500030C07 /* LaunchScreen.storyboard */,
				8063A46E1D22892500030C07 /* Info.plist */,
			);
			path = gittest;
			sourceTree = "<group>";
		};
		8063A4761D22892500030C07 /* gittestTests */ = {
			isa = PBXGroup;
			children = (
				8063A4771D22892500030C07 /* gittestTests.swift */,
				8063A4791D22892500030C07 /* Info.plist */,
			);
			path = gittestTests;
			sourceTree = "<group>";
		};
		8063A4811D22892500030C07 /* gittestUITests */ = {
			isa = PBXGroup;
			children = (
				8063A4821D22892500030C07 /* gittestUITests.swift */,
				8063A4841D22892500030C07 /* Info.plist */,
			);
			path = gittestUITests;
			sourceTree = "<group>";
		};
/* End PBXGroup section */

/* Begin PBXNativeTarget section */
		8063A45E1D22892500030C07 /* gittest */ = {
			isa = PBXNativeTarget;
			buildConfigurationList = 8063A4871D22892500030C07 /* Build configuration list for PBXNativeTarget "gittest" */;
			buildPhases = (
				8063A45B1D22892500030C07 /* Sources */,
				8063A45C1D22892500030C07 /* Frameworks */,
				8063A45D1D22892500030C07 /* Resources */,
			);
			buildRules = (
			);
			dependencies = (
			);
			name = gittest;
			productName = gittest;
			productReference = 8063A45F1D22892500030C07 /* gittest.app */;
			productType = "com.apple.product-type.application";
		};
		8063A4721D22892500030C07 /* gittestTests */ = {
			isa = PBXNativeTarget;
			buildConfigurationList = 8063A48A1D22892500030C07 /* Build configuration list for PBXNativeTarget "gittestTests" */;
			buildPhases = (
				8063A46F1D22892500030C07 /* Sources */,
				8063A4701D22892500030C07 /* Frameworks */,
				8063A4711D22892500030C07 /* Resources */,
			);
			buildRules = (
			);
			dependencies = (
				8063A4751D22892500030C07 /* PBXTargetDependency */,
			);
			name = gittestTests;
			productName = gittestTests;
			productReference = 8063A4731D22892500030C07 /* gittestTests.xctest */;
			productType = "com.apple.product-type.bundle.unit-test";
		};
		8063A47D1D22892500030C07 /* gittestUITests */ = {
			isa = PBXNativeTarget;
			buildConfigurationList = 8063A48D1D22892500030C07 /* Build configuration list for PBXNativeTarget "gittestUITests" */;
			buildPhases = (
				8063A47A1D22892500030C07 /* Sources */,
				8063A47B1D22892500030C07 /* Frameworks */,
				8063A47C1D22892500030C07 /* Resources */,
			);
			buildRules = (
			);
			dependencies = (
				8063A4801D22892500030C07 /* PBXTargetDependency */,
			);
			name = gittestUITests;
			productName = gittestUITests;
			productReference = 8063A47E1D22892500030C07 /* gittestUITests.xctest */;
			productType = "com.apple.product-type.bundle.ui-testing";
		};
/* End PBXNativeTarget section */

/* Begin PBXProject section */
		8063A4571D22892500030C07 /* Project object */ = {
			isa = PBXProject;
			attributes = {
				LastSwiftUpdateCheck = 0730;
				LastUpgradeCheck = 0730;
				ORGANIZATIONNAME = "Karime Möll";
				TargetAttributes = {
					8063A45E1D22892500030C07 = {
						CreatedOnToolsVersion = 7.3.1;
					};
					8063A4721D22892500030C07 = {
						CreatedOnToolsVersion = 7.3.1;
						TestTargetID = 8063A45E1D22892500030C07;
					};
					8063A47D1D22892500030C07 = {
						CreatedOnToolsVersion = 7.3.1;
						TestTargetID = 8063A45E1D22892500030C07;
					};
				};
			};
			buildConfigurationList = 8063A45A1D22892500030C07 /* Build configuration list for PBXProject "gittest" */;
			compatibilityVersion = "Xcode 3.2";
			developmentRegion = English;
			hasScannedForEncodings = 0;
			knownRegions = (
				en,
				Base,
			);
			mainGroup = 8063A4561D22892500030C07;
			productRefGroup = 8063A4601D22892500030C07 /* Products */;
			projectDirPath = "";
			projectRoot = "";
			targets = (
				8063A45E1D22892500030C07 /* gittest */,
				8063A4721D22892500030C07 /* gittestTests */,
				8063A47D1D22892500030C07 /* gittestUITests */,
			);
		};
/* End PBXProject section */

/* Begin PBXResourcesBuildPhase section */
		8063A45D1D22892500030C07 /* Resources */ = {
			isa = PBXResourcesBuildPhase;
			buildActionMask = 2147483647;
			files = (
				8063A46D1D22892500030C07 /* LaunchScreen.storyboard in Resources */,
				8063A46A1D22892500030C07 /* Assets.xcassets in Resources */,
				8063A4681D22892500030C07 /* Main.storyboard in Resources */,
			);
			runOnlyForDeploymentPostprocessing = 0;
		};
		8063A4711D22892500030C07 /* Resources */ = {
			isa = PBXResourcesBuildPhase;
			buildActionMask = 2147483647;
			files = (
			);
			runOnlyForDeploymentPostprocessing = 0;
		};
		8063A47C1D22892500030C07 /* Resources */ = {
			isa = PBXResourcesBuildPhase;
			buildActionMask = 2147483647;
			files = (
			);
			runOnlyForDeploymentPostprocessing = 0;
		};
/* End PBXResourcesBuildPhase section */

/* Begin PBXSourcesBuildPhase section */
		8063A45B1D22892500030C07 /* Sources */ = {
			isa = PBXSourcesBuildPhase;
			buildActionMask = 2147483647;
			files = (
				8063A4651D22892500030C07 /* ViewController.swift in Sources */,
				8063A4631D22892500030C07 /* AppDelegate.swift in Sources */,
			);
			runOnlyForDeploymentPostprocessing = 0;
		};
		8063A46F1D22892500030C07 /* Sources */ = {
			isa = PBXSourcesBuildPhase;
			buildActionMask = 2147483647;
			files = (
				8063A4781D22892500030C07 /* gittestTests.swift in Sources */,
			);
			runOnlyForDeploymentPostprocessing = 0;
		};
		8063A47A1D22892500030C07 /* Sources */ = {
			isa = PBXSourcesBuildPhase;
			buildActionMask = 2147483647;
			files = (
				8063A4831D22892500030C07 /* gittestUITests.swift in Sources */,
			);
			runOnlyForDeploymentPostprocessing = 0;
		};
/* End PBXSourcesBuildPhase section */

/* Begin PBXTargetDependency section */
		8063A4751D22892500030C07 /* PBXTargetDependency */ = {
			isa = PBXTargetDependency;
			target = 8063A45E1D22892500030C07 /* gittest */;
			targetProxy = 8063A4741D22892500030C07 /* PBXContainerItemProxy */;
		};
		8063A4801D22892500030C07 /* PBXTargetDependency */ = {
			isa = PBXTargetDependency;
			target = 8063A45E1D22892500030C07 /* gittest */;
			targetProxy = 8063A47F1D22892500030C07 /* PBXContainerItemProxy */;
		};
/* End PBXTargetDependency section */

/* Begin PBXVariantGroup section */
		8063A4661D22892500030C07 /* Main.storyboard */ = {
			isa = PBXVariantGroup;
			children = (
				8063A4671D22892500030C07 /* Base */,
			);
			name = Main.storyboard;
			sourceTree = "<group>";
		};
		8063A46B1D22892500030C07 /* LaunchScreen.storyboard */ = {
			isa = PBXVariantGroup;
			children = (
				8063A46C1D22892500030C07 /* Base */,
			);
			name = LaunchScreen.storyboard;
			sourceTree = "<group>";
		};
/* End PBXVariantGroup section */

/* Begin XCBuildConfiguration section */
		8063A4851D22892500030C07 /* Debug */ = {
			isa = XCBuildConfiguration;
			buildSettings = {
				ALWAYS_SEARCH_USER_PATHS = NO;
				CLANG_ANALYZER_NONNULL = YES;
				CLANG_CXX_LANGUAGE_STANDARD = "gnu++0x";
				CLANG_CXX_LIBRARY = "libc++";
				CLANG_ENABLE_MODULES = YES;
				CLANG_ENABLE_OBJC_ARC = YES;
				CLANG_WARN_BOOL_CONVERSION = YES;
				CLANG_WARN_CONSTANT_CONVERSION = YES;
				CLANG_WARN_DIRECT_OBJC_ISA_USAGE = YES_ERROR;
				CLANG_WARN_EMPTY_BODY = YES;
				CLANG_WARN_ENUM_CONVERSION = YES;
				CLANG_WARN_INT_CONVERSION = YES;
				CLANG_WARN_OBJC_ROOT_CLASS = YES_ERROR;
				CLANG_WARN_UNREACHABLE_CODE = YES;
				CLANG_WARN__DUPLICATE_METHOD_MATCH = YES;
				"CODE_SIGN_IDENTITY[sdk=iphoneos*]" = "iPhone Developer";
				COPY_PHASE_STRIP = NO;
				DEBUG_INFORMATION_FORMAT = dwarf;
				ENABLE_STRICT_OBJC_MSGSEND = YES;
				ENABLE_TESTABILITY = YES;
				GCC_C_LANGUAGE_STANDARD = gnu99;
				GCC_DYNAMIC_NO_PIC = NO;
				GCC_NO_COMMON_BLOCKS = YES;
				GCC_OPTIMIZATION_LEVEL = 0;
				GCC_PREPROCESSOR_DEFINITIONS = (
					"DEBUG=1",
					"$(inherited)",
				);
				GCC_WARN_64_TO_32_BIT_CONVERSION = YES;
				GCC_WARN_ABOUT_RETURN_TYPE = YES_ERROR;
				GCC_WARN_UNDECLARED_SELECTOR = YES;
				GCC_WARN_UNINITIALIZED_AUTOS = YES_AGGRESSIVE;
				GCC_WARN_UNUSED_FUNCTION = YES;
				GCC_WARN_UNUSED_VARIABLE = YES;
				IPHONEOS_DEPLOYMENT_TARGET = 9.3;
				MTL_ENABLE_DEBUG_INFO = YES;
				ONLY_ACTIVE_ARCH = YES;
				SDKROOT = iphoneos;
				SWIFT_OPTIMIZATION_LEVEL = "-Onone";
			};
			name = Debug;
		};
		8063A4861D22892500030C07 /* Release */ = {
			isa = XCBuildConfiguration;
			buildSettings = {
				ALWAYS_SEARCH_USER_PATHS = NO;
				CLANG_ANALYZER_NONNULL = YES;
				CLANG_CXX_LANGUAGE_STANDARD = "gnu++0x";
				CLANG_CXX_LIBRARY = "libc++";
				CLANG_ENABLE_MODULES = YES;
				CLANG_ENABLE_OBJC_ARC = YES;
				CLANG_WARN_BOOL_CONVERSION = YES;
				CLANG_WARN_CONSTANT_CONVERSION = YES;
				CLANG_WARN_DIRECT_OBJC_ISA_USAGE = YES_ERROR;
				CLANG_WARN_EMPTY_BODY = YES;
				CLANG_WARN_ENUM_CONVERSION = YES;
				CLANG_WARN_INT_CONVERSION = YES;
				CLANG_WARN_OBJC_ROOT_CLASS = YES_ERROR;
				CLANG_WARN_UNREACHABLE_CODE = YES;
				CLANG_WARN__DUPLICATE_METHOD_MATCH = YES;
				"CODE_SIGN_IDENTITY[sdk=iphoneos*]" = "iPhone Developer";
				COPY_PHASE_STRIP = NO;
				DEBUG_INFORMATION_FORMAT = "dwarf-with-dsym";
				ENABLE_NS_ASSERTIONS = NO;
				ENABLE_STRICT_OBJC_MSGSEND = YES;
				GCC_C_LANGUAGE_STANDARD = gnu99;
				GCC_NO_COMMON_BLOCKS = YES;
				GCC_WARN_64_TO_32_BIT_CONVERSION = YES;
				GCC_WARN_ABOUT_RETURN_TYPE = YES_ERROR;
				GCC_WARN_UNDECLARED_SELECTOR = YES;
				GCC_WARN_UNINITIALIZED_AUTOS = YES_AGGRESSIVE;
				GCC_WARN_UNUSED_FUNCTION = YES;
				GCC_WARN_UNUSED_VARIABLE = YES;
				IPHONEOS_DEPLOYMENT_TARGET = 9.3;
				MTL_ENABLE_DEBUG_INFO = NO;
				SDKROOT = iphoneos;
				VALIDATE_PRODUCT = YES;
			};
			name = Release;
		};
		8063A4881D22892500030C07 /* Debug */ = {
			isa = XCBuildConfiguration;
			buildSettings = {
				ASSETCATALOG_COMPILER_APPICON_NAME = AppIcon;
				INFOPLIST_FILE = gittest/Info.plist;
				LD_RUNPATH_SEARCH_PATHS = "$(inherited) @executable_path/Frameworks";
				PRODUCT_BUNDLE_IDENTIFIER = com.karimemoell.gittest;
				PRODUCT_NAME = "$(TARGET_NAME)";
			};
			name = Debug;
		};
		8063A4891D22892500030C07 /* Release */ = {
			isa = XCBuildConfiguration;
			buildSettings = {
				ASSETCATALOG_COMPILER_APPICON_NAME = AppIcon;
				INFOPLIST_FILE = gittest/Info.plist;
				LD_RUNPATH_SEARCH_PATHS = "$(inherited) @executable_path/Frameworks";
				PRODUCT_BUNDLE_IDENTIFIER = com.karimemoell.gittest;
				PRODUCT_NAME = "$(TARGET_NAME)";
			};
			name = Release;
		};
		8063A48B1D22892500030C07 /* Debug */ = {
			isa = XCBuildConfiguration;
			buildSettings = {
				BUNDLE_LOADER = "$(TEST_HOST)";
				INFOPLIST_FILE = gittestTests/Info.plist;
				LD_RUNPATH_SEARCH_PATHS = "$(inherited) @executable_path/Frameworks @loader_path/Frameworks";
				PRODUCT_BUNDLE_IDENTIFIER = com.karimemoell.gittestTests;
				PRODUCT_NAME = "$(TARGET_NAME)";
				TEST_HOST = "$(BUILT_PRODUCTS_DIR)/gittest.app/gittest";
			};
			name = Debug;
		};
		8063A48C1D22892500030C07 /* Release */ = {
			isa = XCBuildConfiguration;
			buildSettings = {
				BUNDLE_LOADER = "$(TEST_HOST)";
				INFOPLIST_FILE = gittestTests/Info.plist;
				LD_RUNPATH_SEARCH_PATHS = "$(inherited) @executable_path/Frameworks @loader_path/Frameworks";
				PRODUCT_BUNDLE_IDENTIFIER = com.karimemoell.gittestTests;
				PRODUCT_NAME = "$(TARGET_NAME)";
				TEST_HOST = "$(BUILT_PRODUCTS_DIR)/gittest.app/gittest";
			};
			name = Release;
		};
		8063A48E1D22892500030C07 /* Debug */ = {
			isa = XCBuildConfiguration;
			buildSettings = {
				INFOPLIST_FILE = gittestUITests/Info.plist;
				LD_RUNPATH_SEARCH_PATHS = "$(inherited) @executable_path/Frameworks @loader_path/Frameworks";
				PRODUCT_BUNDLE_IDENTIFIER = com.karimemoell.gittestUITests;
				PRODUCT_NAME = "$(TARGET_NAME)";
				TEST_TARGET_NAME = gittest;
			};
			name = Debug;
		};
		8063A48F1D22892500030C07 /* Release */ = {
			isa = XCBuildConfiguration;
			buildSettings = {
				INFOPLIST_FILE = gittestUITests/Info.plist;
				LD_RUNPATH_SEARCH_PATHS = "$(inherited) @executable_path/Frameworks @loader_path/Frameworks";
				PRODUCT_BUNDLE_IDENTIFIER = com.karimemoell.gittestUITests;
				PRODUCT_NAME = "$(TARGET_NAME)";
				TEST_TARGET_NAME = gittest;
			};
			name = Release;
		};
/* End XCBuildConfiguration section */

/* Begin XCConfigurationList section */
		8063A45A1D22892500030C07 /* Build configuration list for PBXProject "gittest" */ = {
			isa = XCConfigurationList;
			buildConfigurations = (
				8063A4851D22892500030C07 /* Debug */,
				8063A4861D22892500030C07 /* Release */,
			);
			defaultConfigurationIsVisible = 0;
			defaultConfigurationName = Release;
		};
		8063A4871D22892500030C07 /* Build configuration list for PBXNativeTarget "gittest" */ = {
			isa = XCConfigurationList;
			buildConfigurations = (
				8063A4881D22892500030C07 /* Debug */,
				8063A4891D22892500030C07 /* Release */,
			);
			defaultConfigurationIsVisible = 0;
		};
		8063A48A1D22892500030C07 /* Build configuration list for PBXNativeTarget "gittestTests" */ = {
			isa = XCConfigurationList;
			buildConfigurations = (
				8063A48B1D22892500030C07 /* Debug */,
				8063A48C1D22892500030C07 /* Release */,
			);
			defaultConfigurationIsVisible = 0;
		};
		8063A48D1D22892500030C07 /* Build configuration list for PBXNativeTarget "gittestUITests" */ = {
			isa = XCConfigurationList;
			buildConfigurations = (
				8063A48E1D22892500030C07 /* Debug */,
				8063A48F1D22892500030C07 /* Release */,
			);
			defaultConfigurationIsVisible = 0;
		};
/* End XCConfigurationList section */
	};
	rootObject = 8063A4571D22892500030C07 /* Project object */;
}
